// !$*UTF8*$!
{
	archiveVersion = 1;
	classes = {
	};
	objectVersion = 46;
	objects = {

/* Begin PBXBuildFile section */
		EDE6C3BD1760C52B00F1FE68 /* UIKit.framework in Frameworks */ = {isa = PBXBuildFile; fileRef = EDE6C3BC1760C52B00F1FE68 /* UIKit.framework */; };
		EDE6C3BF1760C52B00F1FE68 /* Foundation.framework in Frameworks */ = {isa = PBXBuildFile; fileRef = EDE6C3BE1760C52B00F1FE68 /* Foundation.framework */; };
		EDE6C3C11760C52B00F1FE68 /* CoreGraphics.framework in Frameworks */ = {isa = PBXBuildFile; fileRef = EDE6C3C01760C52B00F1FE68 /* CoreGraphics.framework */; };
		EDE6C3C31760C52B00F1FE68 /* CoreData.framework in Frameworks */ = {isa = PBXBuildFile; fileRef = EDE6C3C21760C52B00F1FE68 /* CoreData.framework */; };
		EDE6C3C91760C52B00F1FE68 /* InfoPlist.strings in Resources */ = {isa = PBXBuildFile; fileRef = EDE6C3C71760C52B00F1FE68 /* InfoPlist.strings */; };
		EDE6C3CB1760C52B00F1FE68 /* main.m in Sources */ = {isa = PBXBuildFile; fileRef = EDE6C3CA1760C52B00F1FE68 /* main.m */; };
		EDE6C3CF1760C52B00F1FE68 /* AppDelegate.m in Sources */ = {isa = PBXBuildFile; fileRef = EDE6C3CE1760C52B00F1FE68 /* AppDelegate.m */; };
		EDE6C3D11760C52B00F1FE68 /* Default.png in Resources */ = {isa = PBXBuildFile; fileRef = EDE6C3D01760C52B00F1FE68 /* Default.png */; };
		EDE6C3D31760C52B00F1FE68 /* Default@2x.png in Resources */ = {isa = PBXBuildFile; fileRef = EDE6C3D21760C52B00F1FE68 /* Default@2x.png */; };
		EDE6C3D51760C52B00F1FE68 /* Default-568h@2x.png in Resources */ = {isa = PBXBuildFile; fileRef = EDE6C3D41760C52B00F1FE68 /* Default-568h@2x.png */; };
		EDE6C3D81760C52B00F1FE68 /* UITableViewCellPerformanceProblem.xcdatamodeld in Sources */ = {isa = PBXBuildFile; fileRef = EDE6C3D61760C52B00F1FE68 /* UITableViewCellPerformanceProblem.xcdatamodeld */; };
		EDE6C3DF1760C54100F1FE68 /* Storyboard.storyboard in Resources */ = {isa = PBXBuildFile; fileRef = EDE6C3DE1760C54100F1FE68 /* Storyboard.storyboard */; };
		EDE6C3E31760C5F600F1FE68 /* TableViewController.m in Sources */ = {isa = PBXBuildFile; fileRef = EDE6C3E21760C5F600F1FE68 /* TableViewController.m */; };
		EDE6C3E61760C60100F1FE68 /* NewRowViewController.m in Sources */ = {isa = PBXBuildFile; fileRef = EDE6C3E51760C60100F1FE68 /* NewRowViewController.m */; };
		EDE6C3E91760C76400F1FE68 /* Row.m in Sources */ = {isa = PBXBuildFile; fileRef = EDE6C3E81760C76400F1FE68 /* Row.m */; };
		EDE6C3EC1760CBE100F1FE68 /* RowCell.m in Sources */ = {isa = PBXBuildFile; fileRef = EDE6C3EB1760CBE100F1FE68 /* RowCell.m */; };
/* End PBXBuildFile section */

/* Begin PBXFileReference section */
		EDE6C3B91760C52B00F1FE68 /* UITableViewCellPerformanceProblem.app */ = {isa = PBXFileReference; explicitFileType = wrapper.application; includeInIndex = 0; path = UITableViewCellPerformanceProblem.app; sourceTree = BUILT_PRODUCTS_DIR; };
		EDE6C3BC1760C52B00F1FE68 /* UIKit.framework */ = {isa = PBXFileReference; lastKnownFileType = wrapper.framework; name = UIKit.framework; path = System/Library/Frameworks/UIKit.framework; sourceTree = SDKROOT; };
		EDE6C3BE1760C52B00F1FE68 /* Foundation.framework */ = {isa = PBXFileReference; lastKnownFileType = wrapper.framework; name = Foundation.framework; path = System/Library/Frameworks/Foundation.framework; sourceTree = SDKROOT; };
		EDE6C3C01760C52B00F1FE68 /* CoreGraphics.framework */ = {isa = PBXFileReference; lastKnownFileType = wrapper.framework; name = CoreGraphics.framework; path = System/Library/Frameworks/CoreGraphics.framework; sourceTree = SDKROOT; };
		EDE6C3C21760C52B00F1FE68 /* CoreData.framework */ = {isa = PBXFileReference; lastKnownFileType = wrapper.framework; name = CoreData.framework; path = System/Library/Frameworks/CoreData.framework; sourceTree = SDKROOT; };
		EDE6C3C61760C52B00F1FE68 /* UITableViewCellPerformanceProblem-Info.plist */ = {isa = PBXFileReference; lastKnownFileType = text.plist.xml; path = "UITableViewCellPerformanceProblem-Info.plist"; sourceTree = "<group>"; };
		EDE6C3C81760C52B00F1FE68 /* en */ = {isa = PBXFileReference; lastKnownFileType = text.plist.strings; name = en; path = en.lproj/InfoPlist.strings; sourceTree = "<group>"; };
		EDE6C3CA1760C52B00F1FE68 /* main.m */ = {isa = PBXFileReference; lastKnownFileType = sourcecode.c.objc; path = main.m; sourceTree = "<group>"; };
		EDE6C3CC1760C52B00F1FE68 /* UITableViewCellPerformanceProblem-Prefix.pch */ = {isa = PBXFileReference; lastKnownFileType = sourcecode.c.h; path = "UITableViewCellPerformanceProblem-Prefix.pch"; sourceTree = "<group>"; };
		EDE6C3CD1760C52B00F1FE68 /* AppDelegate.h */ = {isa = PBXFileReference; lastKnownFileType = sourcecode.c.h; path = AppDelegate.h; sourceTree = "<group>"; };
		EDE6C3CE1760C52B00F1FE68 /* AppDelegate.m */ = {isa = PBXFileReference; lastKnownFileType = sourcecode.c.objc; path = AppDelegate.m; sourceTree = "<group>"; };
		EDE6C3D01760C52B00F1FE68 /* Default.png */ = {isa = PBXFileReference; lastKnownFileType = image.png; path = Default.png; sourceTree = "<group>"; };
		EDE6C3D21760C52B00F1FE68 /* Default@2x.png */ = {isa = PBXFileReference; lastKnownFileType = image.png; path = "Default@2x.png"; sourceTree = "<group>"; };
		EDE6C3D41760C52B00F1FE68 /* Default-568h@2x.png */ = {isa = PBXFileReference; lastKnownFileType = image.png; path = "Default-568h@2x.png"; sourceTree = "<group>"; };
		EDE6C3D71760C52B00F1FE68 /* UITableViewCellPerformanceProblem.xcdatamodel */ = {isa = PBXFileReference; lastKnownFileType = wrapper.xcdatamodel; path = UITableViewCellPerformanceProblem.xcdatamodel; sourceTree = "<group>"; };
		EDE6C3DE1760C54100F1FE68 /* Storyboard.storyboard */ = {isa = PBXFileReference; fileEncoding = 4; lastKnownFileType = file.storyboard; path = Storyboard.storyboard; sourceTree = "<group>"; };
		EDE6C3E11760C5F600F1FE68 /* TableViewController.h */ = {isa = PBXFileReference; fileEncoding = 4; lastKnownFileType = sourcecode.c.h; path = TableViewController.h; sourceTree = "<group>"; };
		EDE6C3E21760C5F600F1FE68 /* TableViewController.m */ = {isa = PBXFileReference; fileEncoding = 4; lastKnownFileType = sourcecode.c.objc; path = TableViewController.m; sourceTree = "<group>"; };
		EDE6C3E41760C60100F1FE68 /* NewRowViewController.h */ = {isa = PBXFileReference; fileEncoding = 4; lastKnownFileType = sourcecode.c.h; path = NewRowViewController.h; sourceTree = "<group>"; };
		EDE6C3E51760C60100F1FE68 /* NewRowViewController.m */ = {isa = PBXFileReference; fileEncoding = 4; lastKnownFileType = sourcecode.c.objc; path = NewRowViewController.m; sourceTree = "<group>"; };
		EDE6C3E71760C76400F1FE68 /* Row.h */ = {isa = PBXFileReference; fileEncoding = 4; lastKnownFileType = sourcecode.c.h; path = Row.h; sourceTree = "<group>"; };
		EDE6C3E81760C76400F1FE68 /* Row.m */ = {isa = PBXFileReference; fileEncoding = 4; lastKnownFileType = sourcecode.c.objc; path = Row.m; sourceTree = "<group>"; };
		EDE6C3EA1760CBE100F1FE68 /* RowCell.h */ = {isa = PBXFileReference; fileEncoding = 4; lastKnownFileType = sourcecode.c.h; path = RowCell.h; sourceTree = "<group>"; };
		EDE6C3EB1760CBE100F1FE68 /* RowCell.m */ = {isa = PBXFileReference; fileEncoding = 4; lastKnownFileType = sourcecode.c.objc; path = RowCell.m; sourceTree = "<group>"; };
/* End PBXFileReference section */

/* Begin PBXFrameworksBuildPhase section */
		EDE6C3B61760C52B00F1FE68 /* Frameworks */ = {
			isa = PBXFrameworksBuildPhase;
			buildActionMask = 2147483647;
			files = (
				EDE6C3BD1760C52B00F1FE68 /* UIKit.framework in Frameworks */,
				EDE6C3BF1760C52B00F1FE68 /* Foundation.framework in Frameworks */,
				EDE6C3C11760C52B00F1FE68 /* CoreGraphics.framework in Frameworks */,
				EDE6C3C31760C52B00F1FE68 /* CoreData.framework in Frameworks */,
			);
			runOnlyForDeploymentPostprocessing = 0;
		};
/* End PBXFrameworksBuildPhase section */

/* Begin PBXGroup section */
		EDE6C3B01760C52B00F1FE68 = {
			isa = PBXGroup;
			children = (
				EDE6C3C41760C52B00F1FE68 /* UITableViewCellPerformanceProblem */,
				EDE6C3BB1760C52B00F1FE68 /* Frameworks */,
				EDE6C3BA1760C52B00F1FE68 /* Products */,
			);
			sourceTree = "<group>";
		};
		EDE6C3BA1760C52B00F1FE68 /* Products */ = {
			isa = PBXGroup;
			children = (
				EDE6C3B91760C52B00F1FE68 /* UITableViewCellPerformanceProblem.app */,
			);
			name = Products;
			sourceTree = "<group>";
		};
		EDE6C3BB1760C52B00F1FE68 /* Frameworks */ = {
			isa = PBXGroup;
			children = (
				EDE6C3BC1760C52B00F1FE68 /* UIKit.framework */,
				EDE6C3BE1760C52B00F1FE68 /* Foundation.framework */,
				EDE6C3C01760C52B00F1FE68 /* CoreGraphics.framework */,
				EDE6C3C21760C52B00F1FE68 /* CoreData.framework */,
			);
			name = Frameworks;
			sourceTree = "<group>";
		};
		EDE6C3C41760C52B00F1FE68 /* UITableViewCellPerformanceProblem */ = {
			isa = PBXGroup;
			children = (
				EDE6C3E01760C5DF00F1FE68 /* Classes */,
				EDE6C3CD1760C52B00F1FE68 /* AppDelegate.h */,
				EDE6C3CE1760C52B00F1FE68 /* AppDelegate.m */,
				EDE6C3D61760C52B00F1FE68 /* UITableViewCellPerformanceProblem.xcdatamodeld */,
				EDE6C3C51760C52B00F1FE68 /* Supporting Files */,
			);
			path = UITableViewCellPerformanceProblem;
			sourceTree = "<group>";
		};
		EDE6C3C51760C52B00F1FE68 /* Supporting Files */ = {
			isa = PBXGroup;
			children = (
				EDE6C3C61760C52B00F1FE68 /* UITableViewCellPerformanceProblem-Info.plist */,
				EDE6C3C71760C52B00F1FE68 /* InfoPlist.strings */,
				EDE6C3CA1760C52B00F1FE68 /* main.m */,
				EDE6C3CC1760C52B00F1FE68 /* UITableViewCellPerformanceProblem-Prefix.pch */,
				EDE6C3D01760C52B00F1FE68 /* Default.png */,
				EDE6C3D21760C52B00F1FE68 /* Default@2x.png */,
				EDE6C3D41760C52B00F1FE68 /* Default-568h@2x.png */,
				EDE6C3DE1760C54100F1FE68 /* Storyboard.storyboard */,
			);
			name = "Supporting Files";
			sourceTree = "<group>";
		};
		EDE6C3E01760C5DF00F1FE68 /* Classes */ = {
			isa = PBXGroup;
			children = (
				EDE6C3E71760C76400F1FE68 /* Row.h */,
				EDE6C3E81760C76400F1FE68 /* Row.m */,
				EDE6C3E11760C5F600F1FE68 /* TableViewController.h */,
				EDE6C3E21760C5F600F1FE68 /* TableViewController.m */,
				EDE6C3E41760C60100F1FE68 /* NewRowViewController.h */,
				EDE6C3E51760C60100F1FE68 /* NewRowViewController.m */,
				EDE6C3EA1760CBE100F1FE68 /* RowCell.h */,
				EDE6C3EB1760CBE100F1FE68 /* RowCell.m */,
			);
			name = Classes;
			sourceTree = "<group>";
		};
/* End PBXGroup section */

/* Begin PBXNativeTarget section */
		EDE6C3B81760C52B00F1FE68 /* UITableViewCellPerformanceProblem */ = {
			isa = PBXNativeTarget;
			buildConfigurationList = EDE6C3DB1760C52B00F1FE68 /* Build configuration list for PBXNativeTarget "UITableViewCellPerformanceProblem" */;
			buildPhases = (
				EDE6C3B51760C52B00F1FE68 /* Sources */,
				EDE6C3B61760C52B00F1FE68 /* Frameworks */,
				EDE6C3B71760C52B00F1FE68 /* Resources */,
			);
			buildRules = (
			);
			dependencies = (
			);
			name = UITableViewCellPerformanceProblem;
			productName = UITableViewCellPerformanceProblem;
			productReference = EDE6C3B91760C52B00F1FE68 /* UITableViewCellPerformanceProblem.app */;
			productType = "com.apple.product-type.application";
		};
/* End PBXNativeTarget section */

/* Begin PBXProject section */
		EDE6C3B11760C52B00F1FE68 /* Project object */ = {
			isa = PBXProject;
			attributes = {
				LastUpgradeCheck = 0460;
				ORGANIZATIONNAME = ANTStorm;
			};
			buildConfigurationList = EDE6C3B41760C52B00F1FE68 /* Build configuration list for PBXProject "UITableViewCellPerformanceProblem" */;
			compatibilityVersion = "Xcode 3.2";
			developmentRegion = English;
			hasScannedForEncodings = 0;
			knownRegions = (
				en,
			);
			mainGroup = EDE6C3B01760C52B00F1FE68;
			productRefGroup = EDE6C3BA1760C52B00F1FE68 /* Products */;
			projectDirPath = "";
			projectRoot = "";
			targets = (
				EDE6C3B81760C52B00F1FE68 /* UITableViewCellPerformanceProblem */,
			);
		};
/* End PBXProject section */

/* Begin PBXResourcesBuildPhase section */
		EDE6C3B71760C52B00F1FE68 /* Resources */ = {
			isa = PBXResourcesBuildPhase;
			buildActionMask = 2147483647;
			files = (
				EDE6C3C91760C52B00F1FE68 /* InfoPlist.strings in Resources */,
				EDE6C3D11760C52B00F1FE68 /* Default.png in Resources */,
				EDE6C3D31760C52B00F1FE68 /* Default@2x.png in Resources */,
				EDE6C3D51760C52B00F1FE68 /* Default-568h@2x.png in Resources */,
				EDE6C3DF1760C54100F1FE68 /* Storyboard.storyboard in Resources */,
			);
			runOnlyForDeploymentPostprocessing = 0;
		};
/* End PBXResourcesBuildPhase section */

/* Begin PBXSourcesBuildPhase section */
		EDE6C3B51760C52B00F1FE68 /* Sources */ = {
			isa = PBXSourcesBuildPhase;
			buildActionMask = 2147483647;
			files = (
				EDE6C3CB1760C52B00F1FE68 /* main.m in Sources */,
				EDE6C3CF1760C52B00F1FE68 /* AppDelegate.m in Sources */,
				EDE6C3D81760C52B00F1FE68 /* UITableViewCellPerformanceProblem.xcdatamodeld in Sources */,
				EDE6C3E31760C5F600F1FE68 /* TableViewController.m in Sources */,
				EDE6C3E61760C60100F1FE68 /* NewRowViewController.m in Sources */,
				EDE6C3E91760C76400F1FE68 /* Row.m in Sources */,
				EDE6C3EC1760CBE100F1FE68 /* RowCell.m in Sources */,
			);
			runOnlyForDeploymentPostprocessing = 0;
		};
/* End PBXSourcesBuildPhase section */

/* Begin PBXVariantGroup section */
		EDE6C3C71760C52B00F1FE68 /* InfoPlist.strings */ = {
			isa = PBXVariantGroup;
			children = (
				EDE6C3C81760C52B00F1FE68 /* en */,
			);
			name = InfoPlist.strings;
			sourceTree = "<group>";
		};
/* End PBXVariantGroup section */

/* Begin XCBuildConfiguration section */
		EDE6C3D91760C52B00F1FE68 /* Debug */ = {
			isa = XCBuildConfiguration;
			buildSettings = {
				ALWAYS_SEARCH_USER_PATHS = NO;
				CLANG_CXX_LANGUAGE_STANDARD = "gnu++0x";
				CLANG_CXX_LIBRARY = "libc++";
				CLANG_ENABLE_OBJC_ARC = YES;
				CLANG_WARN_CONSTANT_CONVERSION = YES;
				CLANG_WARN_EMPTY_BODY = YES;
				CLANG_WARN_ENUM_CONVERSION = YES;
				CLANG_WARN_INT_CONVERSION = YES;
				CLANG_WARN__DUPLICATE_METHOD_MATCH = YES;
				"CODE_SIGN_IDENTITY[sdk=iphoneos*]" = "iPhone Developer";
				COPY_PHASE_STRIP = NO;
				GCC_C_LANGUAGE_STANDARD = gnu99;
				GCC_DYNAMIC_NO_PIC = NO;
				GCC_OPTIMIZATION_LEVEL = 0;
				GCC_PREPROCESSOR_DEFINITIONS = (
					"DEBUG=1",
					"$(inherited)",
				);
				GCC_SYMBOLS_PRIVATE_EXTERN = NO;
				GCC_WARN_ABOUT_RETURN_TYPE = YES;
				GCC_WARN_UNINITIALIZED_AUTOS = YES;
				GCC_WARN_UNUSED_VARIABLE = YES;
				IPHONEOS_DEPLOYMENT_TARGET = 6.1;
				ONLY_ACTIVE_ARCH = YES;
				SDKROOT = iphoneos;
				TARGETED_DEVICE_FAMILY = "1,2";
			};
			name = Debug;
		};
		EDE6C3DA1760C52B00F1FE68 /* Release */ = {
			isa = XCBuildConfiguration;
			buildSettings = {
				ALWAYS_SEARCH_USER_PATHS = NO;
				CLANG_CXX_LANGUAGE_STANDARD = "gnu++0x";
				CLANG_CXX_LIBRARY = "libc++";
				CLANG_ENABLE_OBJC_ARC = YES;
				CLANG_WARN_CONSTANT_CONVERSION = YES;
				CLANG_WARN_EMPTY_BODY = YES;
				CLANG_WARN_ENUM_CONVERSION = YES;
				CLANG_WARN_INT_CONVERSION = YES;
				CLANG_WARN__DUPLICATE_METHOD_MATCH = YES;
				"CODE_SIGN_IDENTITY[sdk=iphoneos*]" = "iPhone Developer";
				COPY_PHASE_STRIP = YES;
				GCC_C_LANGUAGE_STANDARD = gnu99;
				GCC_WARN_ABOUT_RETURN_TYPE = YES;
				GCC_WARN_UNINITIALIZED_AUTOS = YES;
				GCC_WARN_UNUSED_VARIABLE = YES;
				IPHONEOS_DEPLOYMENT_TARGET = 6.1;
				OTHER_CFLAGS = "-DNS_BLOCK_ASSERTIONS=1";
				SDKROOT = iphoneos;
				TARGETED_DEVICE_FAMILY = "1,2";
				VALIDATE_PRODUCT = YES;
			};
			name = Release;
		};
		EDE6C3DC1760C52B00F1FE68 /* Debug */ = {
			isa = XCBuildConfiguration;
			buildSettings = {
				GCC_PRECOMPILE_PREFIX_HEADER = YES;
				GCC_PREFIX_HEADER = "UITableViewCellPerformanceProblem/UITableViewCellPerformanceProblem-Prefix.pch";
				INFOPLIST_FILE = "UITableViewCellPerformanceProblem/UITableViewCellPerformanceProblem-Info.plist";
				PRODUCT_NAME = "$(TARGET_NAME)";
				WRAPPER_EXTENSION = app;
			};
			name = Debug;
		};
		EDE6C3DD1760C52B00F1FE68 /* Release */ = {
			isa = XCBuildConfiguration;
			buildSettings = {
				GCC_PRECOMPILE_PREFIX_HEADER = YES;
				GCC_PREFIX_HEADER = "UITableViewCellPerformanceProblem/UITableViewCellPerformanceProblem-Prefix.pch";
				INFOPLIST_FILE = "UITableViewCellPerformanceProblem/UITableViewCellPerformanceProblem-Info.plist";
				PRODUCT_NAME = "$(TARGET_NAME)";
				WRAPPER_EXTENSION = app;
			};
			name = Release;
		};
/* End XCBuildConfiguration section */

/* Begin XCConfigurationList section */
		EDE6C3B41760C52B00F1FE68 /* Build configuration list for PBXProject "UITableViewCellPerformanceProblem" */ = {
			isa = XCConfigurationList;
			buildConfigurations = (
				EDE6C3D91760C52B00F1FE68 /* Debug */,
				EDE6C3DA1760C52B00F1FE68 /* Release */,
			);
			defaultConfigurationIsVisible = 0;
			defaultConfigurationName = Release;
		};
		EDE6C3DB1760C52B00F1FE68 /* Build configuration list for PBXNativeTarget "UITableViewCellPerformanceProblem" */ = {
			isa = XCConfigurationList;
			buildConfigurations = (
				EDE6C3DC1760C52B00F1FE68 /* Debug */,
				EDE6C3DD1760C52B00F1FE68 /* Release */,
			);
			defaultConfigurationIsVisible = 0;
		};
/* End XCConfigurationList section */

/* Begin XCVersionGroup section */
		EDE6C3D61760C52B00F1FE68 /* UITableViewCellPerformanceProblem.xcdatamodeld */ = {
			isa = XCVersionGroup;
			children = (
				EDE6C3D71760C52B00F1FE68 /* UITableViewCellPerformanceProblem.xcdatamodel */,
			);
			currentVersion = EDE6C3D71760C52B00F1FE68 /* UITableViewCellPerformanceProblem.xcdatamodel */;
			path = UITableViewCellPerformanceProblem.xcdatamodeld;
			sourceTree = "<group>";
			versionGroupType = wrapper.xcdatamodel;
		};
/* End XCVersionGroup section */
	};
	rootObject = EDE6C3B11760C52B00F1FE68 /* Project object */;
}
